// !$*UTF8*$!
{
	archiveVersion = 1;
	classes = {
	};
	objectVersion = 46;
	objects = {

/* Begin PBXBuildFile section */
		27B132100FC6354C19ECA037 /* Pods_Locations_Array.framework in Frameworks */ = {isa = PBXBuildFile; fileRef = A97828F21743C2A73D76626E /* Pods_Locations_Array.framework */; };
		27C6E1BB1BF256CF0087DDB6 /* AppDelegate.swift in Sources */ = {isa = PBXBuildFile; fileRef = 27C6E1BA1BF256CF0087DDB6 /* AppDelegate.swift */; };
		27C6E1BD1BF256CF0087DDB6 /* ViewController.swift in Sources */ = {isa = PBXBuildFile; fileRef = 27C6E1BC1BF256CF0087DDB6 /* ViewController.swift */; };
		27C6E1C01BF256CF0087DDB6 /* Main.storyboard in Resources */ = {isa = PBXBuildFile; fileRef = 27C6E1BE1BF256CF0087DDB6 /* Main.storyboard */; };
		27C6E1C21BF256CF0087DDB6 /* Assets.xcassets in Resources */ = {isa = PBXBuildFile; fileRef = 27C6E1C11BF256CF0087DDB6 /* Assets.xcassets */; };
		27C6E1C51BF256CF0087DDB6 /* LaunchScreen.storyboard in Resources */ = {isa = PBXBuildFile; fileRef = 27C6E1C31BF256CF0087DDB6 /* LaunchScreen.storyboard */; };
/* End PBXBuildFile section */

/* Begin PBXFileReference section */
		27C6E1B71BF256CF0087DDB6 /* Locations Array.app */ = {isa = PBXFileReference; explicitFileType = wrapper.application; includeInIndex = 0; path = "Locations Array.app"; sourceTree = BUILT_PRODUCTS_DIR; };
		27C6E1BA1BF256CF0087DDB6 /* AppDelegate.swift */ = {isa = PBXFileReference; lastKnownFileType = sourcecode.swift; path = AppDelegate.swift; sourceTree = "<group>"; };
		27C6E1BC1BF256CF0087DDB6 /* ViewController.swift */ = {isa = PBXFileReference; lastKnownFileType = sourcecode.swift; path = ViewController.swift; sourceTree = "<group>"; };
		27C6E1BF1BF256CF0087DDB6 /* Base */ = {isa = PBXFileReference; lastKnownFileType = file.storyboard; name = Base; path = Base.lproj/Main.storyboard; sourceTree = "<group>"; };
		27C6E1C11BF256CF0087DDB6 /* Assets.xcassets */ = {isa = PBXFileReference; lastKnownFileType = folder.assetcatalog; path = Assets.xcassets; sourceTree = "<group>"; };
		27C6E1C41BF256CF0087DDB6 /* Base */ = {isa = PBXFileReference; lastKnownFileType = file.storyboard; name = Base; path = Base.lproj/LaunchScreen.storyboard; sourceTree = "<group>"; };
		27C6E1C61BF256CF0087DDB6 /* Info.plist */ = {isa = PBXFileReference; lastKnownFileType = text.plist.xml; path = Info.plist; sourceTree = "<group>"; };
		28903E0A8ED746293CA54A84 /* Pods-Locations Array.debug.xcconfig */ = {isa = PBXFileReference; includeInIndex = 1; lastKnownFileType = text.xcconfig; name = "Pods-Locations Array.debug.xcconfig"; path = "Pods/Target Support Files/Pods-Locations Array/Pods-Locations Array.debug.xcconfig"; sourceTree = "<group>"; };
		A97828F21743C2A73D76626E /* Pods_Locations_Array.framework */ = {isa = PBXFileReference; explicitFileType = wrapper.framework; includeInIndex = 0; path = Pods_Locations_Array.framework; sourceTree = BUILT_PRODUCTS_DIR; };
		C39BD68FD39BE25556B0269E /* Pods-Locations Array.release.xcconfig */ = {isa = PBXFileReference; includeInIndex = 1; lastKnownFileType = text.xcconfig; name = "Pods-Locations Array.release.xcconfig"; path = "Pods/Target Support Files/Pods-Locations Array/Pods-Locations Array.release.xcconfig"; sourceTree = "<group>"; };
/* End PBXFileReference section */

/* Begin PBXFrameworksBuildPhase section */
		27C6E1B41BF256CF0087DDB6 /* Frameworks */ = {
			isa = PBXFrameworksBuildPhase;
			buildActionMask = 2147483647;
			files = (
				27B132100FC6354C19ECA037 /* Pods_Locations_Array.framework in Frameworks */,
			);
			runOnlyForDeploymentPostprocessing = 0;
		};
/* End PBXFrameworksBuildPhase section */

/* Begin PBXGroup section */
		27C6E1AE1BF256CF0087DDB6 = {
			isa = PBXGroup;
			children = (
				27C6E1B91BF256CF0087DDB6 /* Locations Array */,
				27C6E1B81BF256CF0087DDB6 /* Products */,
				D459967A651B68D1ED16963B /* Pods */,
				F4C630E086C9886DB9E0CE99 /* Frameworks */,
			);
			sourceTree = "<group>";
		};
		27C6E1B81BF256CF0087DDB6 /* Products */ = {
			isa = PBXGroup;
			children = (
				27C6E1B71BF256CF0087DDB6 /* Locations Array.app */,
			);
			name = Products;
			sourceTree = "<group>";
		};
		27C6E1B91BF256CF0087DDB6 /* Locations Array */ = {
			isa = PBXGroup;
			children = (
				27C6E1BA1BF256CF0087DDB6 /* AppDelegate.swift */,
				27C6E1BC1BF256CF0087DDB6 /* ViewController.swift */,
				27C6E1BE1BF256CF0087DDB6 /* Main.storyboard */,
				27C6E1C11BF256CF0087DDB6 /* Assets.xcassets */,
				27C6E1C31BF256CF0087DDB6 /* LaunchScreen.storyboard */,
				27C6E1C61BF256CF0087DDB6 /* Info.plist */,
			);
			path = "Locations Array";
			sourceTree = "<group>";
		};
		D459967A651B68D1ED16963B /* Pods */ = {
			isa = PBXGroup;
			children = (
				28903E0A8ED746293CA54A84 /* Pods-Locations Array.debug.xcconfig */,
				C39BD68FD39BE25556B0269E /* Pods-Locations Array.release.xcconfig */,
			);
			name = Pods;
			sourceTree = "<group>";
		};
		F4C630E086C9886DB9E0CE99 /* Frameworks */ = {
			isa = PBXGroup;
			children = (
				A97828F21743C2A73D76626E /* Pods_Locations_Array.framework */,
			);
			name = Frameworks;
			sourceTree = "<group>";
		};
/* End PBXGroup section */

/* Begin PBXNativeTarget section */
		27C6E1B61BF256CF0087DDB6 /* Locations Array */ = {
			isa = PBXNativeTarget;
			buildConfigurationList = 27C6E1C91BF256CF0087DDB6 /* Build configuration list for PBXNativeTarget "Locations Array" */;
			buildPhases = (
				6D5C7DFB325C22B1383C201D /* Check Pods Manifest.lock */,
				27C6E1B31BF256CF0087DDB6 /* Sources */,
				27C6E1B41BF256CF0087DDB6 /* Frameworks */,
				27C6E1B51BF256CF0087DDB6 /* Resources */,
				44B378EC708BA04F884010CC /* Embed Pods Frameworks */,
				9BB25A2F6D8CB885B3C15F59 /* Copy Pods Resources */,
			);
			buildRules = (
			);
			dependencies = (
			);
			name = "Locations Array";
			productName = "Locations Array";
			productReference = 27C6E1B71BF256CF0087DDB6 /* Locations Array.app */;
			productType = "com.apple.product-type.application";
		};
/* End PBXNativeTarget section */

/* Begin PBXProject section */
		27C6E1AF1BF256CF0087DDB6 /* Project object */ = {
			isa = PBXProject;
			attributes = {
				LastSwiftUpdateCheck = 0710;
				LastUpgradeCheck = 0710;
				ORGANIZATIONNAME = "Kyle Goslan";
				TargetAttributes = {
					27C6E1B61BF256CF0087DDB6 = {
						CreatedOnToolsVersion = 7.1;
					};
				};
			};
			buildConfigurationList = 27C6E1B21BF256CF0087DDB6 /* Build configuration list for PBXProject "Locations Array" */;
			compatibilityVersion = "Xcode 3.2";
			developmentRegion = English;
			hasScannedForEncodings = 0;
			knownRegions = (
				en,
				Base,
			);
			mainGroup = 27C6E1AE1BF256CF0087DDB6;
			productRefGroup = 27C6E1B81BF256CF0087DDB6 /* Products */;
			projectDirPath = "";
			projectRoot = "";
			targets = (
				27C6E1B61BF256CF0087DDB6 /* Locations Array */,
			);
		};
/* End PBXProject section */

/* Begin PBXResourcesBuildPhase section */
		27C6E1B51BF256CF0087DDB6 /* Resources */ = {
			isa = PBXResourcesBuildPhase;
			buildActionMask = 2147483647;
			files = (
				27C6E1C51BF256CF0087DDB6 /* LaunchScreen.storyboard in Resources */,
				27C6E1C21BF256CF0087DDB6 /* Assets.xcassets in Resources */,
				27C6E1C01BF256CF0087DDB6 /* Main.storyboard in Resources */,
			);
			runOnlyForDeploymentPostprocessing = 0;
		};
/* End PBXResourcesBuildPhase section */

/* Begin PBXShellScriptBuildPhase section */
		44B378EC708BA04F884010CC /* Embed Pods Frameworks */ = {
			isa = PBXShellScriptBuildPhase;
			buildActionMask = 2147483647;
			files = (
			);
			inputPaths = (
			);
			name = "Embed Pods Frameworks";
			outputPaths = (
			);
			runOnlyForDeploymentPostprocessing = 0;
			shellPath = /bin/sh;
			shellScript = "\"${SRCROOT}/Pods/Target Support Files/Pods-Locations Array/Pods-Locations Array-frameworks.sh\"\n";
			showEnvVarsInLog = 0;
		};
		6D5C7DFB325C22B1383C201D /* Check Pods Manifest.lock */ = {
			isa = PBXShellScriptBuildPhase;
			buildActionMask = 2147483647;
			files = (
			);
			inputPaths = (
			);
			name = "Check Pods Manifest.lock";
			outputPaths = (
			);
			runOnlyForDeploymentPostprocessing = 0;
			shellPath = /bin/sh;
			shellScript = "diff \"${PODS_ROOT}/../Podfile.lock\" \"${PODS_ROOT}/Manifest.lock\" > /dev/null\nif [[ $? != 0 ]] ; then\n    cat << EOM\nerror: The sandbox is not in sync with the Podfile.lock. Run 'pod install' or update your CocoaPods installation.\nEOM\n    exit 1\nfi\n";
			showEnvVarsInLog = 0;
		};
		9BB25A2F6D8CB885B3C15F59 /* Copy Pods Resources */ = {
			isa = PBXShellScriptBuildPhase;
			buildActionMask = 2147483647;
			files = (
			);
			inputPaths = (
			);
			name = "Copy Pods Resources";
			outputPaths = (
			);
			runOnlyForDeploymentPostprocessing = 0;
			shellPath = /bin/sh;
			shellScript = "\"${SRCROOT}/Pods/Target Support Files/Pods-Locations Array/Pods-Locations Array-resources.sh\"\n";
			showEnvVarsInLog = 0;
		};
/* End PBXShellScriptBuildPhase section */

/* Begin PBXSourcesBuildPhase section */
		27C6E1B31BF256CF0087DDB6 /* Sources */ = {
			isa = PBXSourcesBuildPhase;
			buildActionMask = 2147483647;
			files = (
				27C6E1BD1BF256CF0087DDB6 /* ViewController.swift in Sources */,
				27C6E1BB1BF256CF0087DDB6 /* AppDelegate.swift in Sources */,
			);
			runOnlyForDeploymentPostprocessing = 0;
		};
/* End PBXSourcesBuildPhase section */

/* Begin PBXVariantGroup section */
		27C6E1BE1BF256CF0087DDB6 /* Main.storyboard */ = {
			isa = PBXVariantGroup;
			children = (
				27C6E1BF1BF256CF0087DDB6 /* Base */,
			);
			name = Main.storyboard;
			sourceTree = "<group>";
		};
		27C6E1C31BF256CF0087DDB6 /* LaunchScreen.storyboard */ = {
			isa = PBXVariantGroup;
			children = (
				27C6E1C41BF256CF0087DDB6 /* Base */,
			);
			name = LaunchScreen.storyboard;
			sourceTree = "<group>";
		};
/* End PBXVariantGroup section */

/* Begin XCBuildConfiguration section */
		27C6E1C71BF256CF0087DDB6 /* Debug */ = {
			isa = XCBuildConfiguration;
			buildSettings = {
				ALWAYS_SEARCH_USER_PATHS = NO;
				CLANG_CXX_LANGUAGE_STANDARD = "gnu++0x";
				CLANG_CXX_LIBRARY = "libc++";
				CLANG_ENABLE_MODULES = YES;
				CLANG_ENABLE_OBJC_ARC = YES;
				CLANG_WARN_BOOL_CONVERSION = YES;
				CLANG_WARN_CONSTANT_CONVERSION = YES;
				CLANG_WARN_DIRECT_OBJC_ISA_USAGE = YES_ERROR;
				CLANG_WARN_EMPTY_BODY = YES;
				CLANG_WARN_ENUM_CONVERSION = YES;
				CLANG_WARN_INT_CONVERSION = YES;
				CLANG_WARN_OBJC_ROOT_CLASS = YES_ERROR;
				CLANG_WARN_UNREACHABLE_CODE = YES;
				CLANG_WARN__DUPLICATE_METHOD_MATCH = YES;
				"CODE_SIGN_IDENTITY[sdk=iphoneos*]" = "iPhone Developer";
				COPY_PHASE_STRIP = NO;
				DEBUG_INFORMATION_FORMAT = dwarf;
				ENABLE_STRICT_OBJC_MSGSEND = YES;
				ENABLE_TESTABILITY = YES;
				GCC_C_LANGUAGE_STANDARD = gnu99;
				GCC_DYNAMIC_NO_PIC = NO;
				GCC_NO_COMMON_BLOCKS = YES;
				GCC_OPTIMIZATION_LEVEL = 0;
				GCC_PREPROCESSOR_DEFINITIONS = (
					"DEBUG=1",
					"$(inherited)",
				);
				GCC_WARN_64_TO_32_BIT_CONVERSION = YES;
				GCC_WARN_ABOUT_RETURN_TYPE = YES_ERROR;
				GCC_WARN_UNDECLARED_SELECTOR = YES;
				GCC_WARN_UNINITIALIZED_AUTOS = YES_AGGRESSIVE;
				GCC_WARN_UNUSED_FUNCTION = YES;
				GCC_WARN_UNUSED_VARIABLE = YES;
				IPHONEOS_DEPLOYMENT_TARGET = 9.1;
				MTL_ENABLE_DEBUG_INFO = YES;
				ONLY_ACTIVE_ARCH = YES;
				SDKROOT = iphoneos;
				SWIFT_OPTIMIZATION_LEVEL = "-Onone";
				TARGETED_DEVICE_FAMILY = "1,2";
			};
			name = Debug;
		};
		27C6E1C81BF256CF0087DDB6 /* Release */ = {
			isa = XCBuildConfiguration;
			buildSettings = {
				ALWAYS_SEARCH_USER_PATHS = NO;
				CLANG_CXX_LANGUAGE_STANDARD = "gnu++0x";
				CLANG_CXX_LIBRARY = "libc++";
				CLANG_ENABLE_MODULES = YES;
				CLANG_ENABLE_OBJC_ARC = YES;
				CLANG_WARN_BOOL_CONVERSION = YES;
				CLANG_WARN_CONSTANT_CONVERSION = YES;
				CLANG_WARN_DIRECT_OBJC_ISA_USAGE = YES_ERROR;
				CLANG_WARN_EMPTY_BODY = YES;
				CLANG_WARN_ENUM_CONVERSION = YES;
				CLANG_WARN_INT_CONVERSION = YES;
				CLANG_WARN_OBJC_ROOT_CLASS = YES_ERROR;
				CLANG_WARN_UNREACHABLE_CODE = YES;
				CLANG_WARN__DUPLICATE_METHOD_MATCH = YES;
				"CODE_SIGN_IDENTITY[sdk=iphoneos*]" = "iPhone Developer";
				COPY_PHASE_STRIP = NO;
				DEBUG_INFORMATION_FORMAT = "dwarf-with-dsym";
				ENABLE_NS_ASSERTIONS = NO;
				ENABLE_STRICT_OBJC_MSGSEND = YES;
				GCC_C_LANGUAGE_STANDARD = gnu99;
				GCC_NO_COMMON_BLOCKS = YES;
				GCC_WARN_64_TO_32_BIT_CONVERSION = YES;
				GCC_WARN_ABOUT_RETURN_TYPE = YES_ERROR;
				GCC_WARN_UNDECLARED_SELECTOR = YES;
				GCC_WARN_UNINITIALIZED_AUTOS = YES_AGGRESSIVE;
				GCC_WARN_UNUSED_FUNCTION = YES;
				GCC_WARN_UNUSED_VARIABLE = YES;
				IPHONEOS_DEPLOYMENT_TARGET = 9.1;
				MTL_ENABLE_DEBUG_INFO = NO;
				SDKROOT = iphoneos;
				TARGETED_DEVICE_FAMILY = "1,2";
				VALIDATE_PRODUCT = YES;
			};
			name = Release;
		};
		27C6E1CA1BF256CF0087DDB6 /* Debug */ = {
			isa = XCBuildConfiguration;
			baseConfigurationReference = 28903E0A8ED746293CA54A84 /* Pods-Locations Array.debug.xcconfig */;
			buildSettings = {
				ASSETCATALOG_COMPILER_APPICON_NAME = AppIcon;
				INFOPLIST_FILE = "Locations Array/Info.plist";
				IPHONEOS_DEPLOYMENT_TARGET = 9.0;
				LD_RUNPATH_SEARCH_PATHS = "$(inherited) @executable_path/Frameworks";
				PRODUCT_BUNDLE_IDENTIFIER = "com.kylegoslan.Locations-Array";
				PRODUCT_NAME = "$(TARGET_NAME)";
			};
			name = Debug;
		};
		27C6E1CB1BF256CF0087DDB6 /* Release */ = {
			isa = XCBuildConfiguration;
			baseConfigurationReference = C39BD68FD39BE25556B0269E /* Pods-Locations Array.release.xcconfig */;
			buildSettings = {
				ASSETCATALOG_COMPILER_APPICON_NAME = AppIcon;
				INFOPLIST_FILE = "Locations Array/Info.plist";
				IPHONEOS_DEPLOYMENT_TARGET = 9.0;
				LD_RUNPATH_SEARCH_PATHS = "$(inherited) @executable_path/Frameworks";
				PRODUCT_BUNDLE_IDENTIFIER = "com.kylegoslan.Locations-Array";
				PRODUCT_NAME = "$(TARGET_NAME)";
			};
			name = Release;
		};
/* End XCBuildConfiguration section */

/* Begin XCConfigurationList section */
		27C6E1B21BF256CF0087DDB6 /* Build configuration list for PBXProject "Locations Array" */ = {
			isa = XCConfigurationList;
			buildConfigurations = (
				27C6E1C71BF256CF0087DDB6 /* Debug */,
				27C6E1C81BF256CF0087DDB6 /* Release */,
			);
			defaultConfigurationIsVisible = 0;
			defaultConfigurationName = Release;
		};
		27C6E1C91BF256CF0087DDB6 /* Build configuration list for PBXNativeTarget "Locations Array" */ = {
			isa = XCConfigurationList;
			buildConfigurations = (
				27C6E1CA1BF256CF0087DDB6 /* Debug */,
				27C6E1CB1BF256CF0087DDB6 /* Release */,
			);
			defaultConfigurationIsVisible = 0;
			defaultConfigurationName = Release;
		};
/* End XCConfigurationList section */
	};
	rootObject = 27C6E1AF1BF256CF0087DDB6 /* Project object */;
}
