// !$*UTF8*$!
{
	archiveVersion = 1;
	classes = {
	};
	objectVersion = 46;
	objects = {

/* Begin PBXBuildFile section */
		064953D41BCBD98F0084C8D2 /* AppDelegate.swift in Sources */ = {isa = PBXBuildFile; fileRef = 064953D31BCBD98F0084C8D2 /* AppDelegate.swift */; };
		064953D61BCBD98F0084C8D2 /* ViewController.swift in Sources */ = {isa = PBXBuildFile; fileRef = 064953D51BCBD98F0084C8D2 /* ViewController.swift */; };
		064953D91BCBD98F0084C8D2 /* Main.storyboard in Resources */ = {isa = PBXBuildFile; fileRef = 064953D71BCBD98F0084C8D2 /* Main.storyboard */; };
		064953DB1BCBD98F0084C8D2 /* Images.xcassets in Resources */ = {isa = PBXBuildFile; fileRef = 064953DA1BCBD98F0084C8D2 /* Images.xcassets */; };
		064953DE1BCBD98F0084C8D2 /* LaunchScreen.xib in Resources */ = {isa = PBXBuildFile; fileRef = 064953DC1BCBD98F0084C8D2 /* LaunchScreen.xib */; };
		064953EA1BCBD98F0084C8D2 /* newTestTests.swift in Sources */ = {isa = PBXBuildFile; fileRef = 064953E91BCBD98F0084C8D2 /* newTestTests.swift */; };
		064953F41BCBDF370084C8D2 /* MapKit.framework in Frameworks */ = {isa = PBXBuildFile; fileRef = 064953F31BCBDF370084C8D2 /* MapKit.framework */; };
/* End PBXBuildFile section */

/* Begin PBXContainerItemProxy section */
		064953E41BCBD98F0084C8D2 /* PBXContainerItemProxy */ = {
			isa = PBXContainerItemProxy;
			containerPortal = 064953C61BCBD98F0084C8D2 /* Project object */;
			proxyType = 1;
			remoteGlobalIDString = 064953CD1BCBD98F0084C8D2;
			remoteInfo = newTest;
		};
/* End PBXContainerItemProxy section */

/* Begin PBXFileReference section */
		064953CE1BCBD98F0084C8D2 /* newTest.app */ = {isa = PBXFileReference; explicitFileType = wrapper.application; includeInIndex = 0; path = newTest.app; sourceTree = BUILT_PRODUCTS_DIR; };
		064953D21BCBD98F0084C8D2 /* Info.plist */ = {isa = PBXFileReference; lastKnownFileType = text.plist.xml; path = Info.plist; sourceTree = "<group>"; };
		064953D31BCBD98F0084C8D2 /* AppDelegate.swift */ = {isa = PBXFileReference; lastKnownFileType = sourcecode.swift; path = AppDelegate.swift; sourceTree = "<group>"; };
		064953D51BCBD98F0084C8D2 /* ViewController.swift */ = {isa = PBXFileReference; lastKnownFileType = sourcecode.swift; path = ViewController.swift; sourceTree = "<group>"; };
		064953D81BCBD98F0084C8D2 /* Base */ = {isa = PBXFileReference; lastKnownFileType = file.storyboard; name = Base; path = Base.lproj/Main.storyboard; sourceTree = "<group>"; };
		064953DA1BCBD98F0084C8D2 /* Images.xcassets */ = {isa = PBXFileReference; lastKnownFileType = folder.assetcatalog; path = Images.xcassets; sourceTree = "<group>"; };
		064953DD1BCBD98F0084C8D2 /* Base */ = {isa = PBXFileReference; lastKnownFileType = file.xib; name = Base; path = Base.lproj/LaunchScreen.xib; sourceTree = "<group>"; };
		064953E31BCBD98F0084C8D2 /* newTestTests.xctest */ = {isa = PBXFileReference; explicitFileType = wrapper.cfbundle; includeInIndex = 0; path = newTestTests.xctest; sourceTree = BUILT_PRODUCTS_DIR; };
		064953E81BCBD98F0084C8D2 /* Info.plist */ = {isa = PBXFileReference; lastKnownFileType = text.plist.xml; path = Info.plist; sourceTree = "<group>"; };
		064953E91BCBD98F0084C8D2 /* newTestTests.swift */ = {isa = PBXFileReference; lastKnownFileType = sourcecode.swift; path = newTestTests.swift; sourceTree = "<group>"; };
		064953F31BCBDF370084C8D2 /* MapKit.framework */ = {isa = PBXFileReference; lastKnownFileType = wrapper.framework; name = MapKit.framework; path = System/Library/Frameworks/MapKit.framework; sourceTree = SDKROOT; };
/* End PBXFileReference section */

/* Begin PBXFrameworksBuildPhase section */
		064953CB1BCBD98F0084C8D2 /* Frameworks */ = {
			isa = PBXFrameworksBuildPhase;
			buildActionMask = 2147483647;
			files = (
				064953F41BCBDF370084C8D2 /* MapKit.framework in Frameworks */,
			);
			runOnlyForDeploymentPostprocessing = 0;
		};
		064953E01BCBD98F0084C8D2 /* Frameworks */ = {
			isa = PBXFrameworksBuildPhase;
			buildActionMask = 2147483647;
			files = (
			);
			runOnlyForDeploymentPostprocessing = 0;
		};
/* End PBXFrameworksBuildPhase section */

/* Begin PBXGroup section */
		064953C51BCBD98F0084C8D2 = {
			isa = PBXGroup;
			children = (
				064953F31BCBDF370084C8D2 /* MapKit.framework */,
				064953D01BCBD98F0084C8D2 /* newTest */,
				064953E61BCBD98F0084C8D2 /* newTestTests */,
				064953CF1BCBD98F0084C8D2 /* Products */,
			);
			sourceTree = "<group>";
		};
		064953CF1BCBD98F0084C8D2 /* Products */ = {
			isa = PBXGroup;
			children = (
				064953CE1BCBD98F0084C8D2 /* newTest.app */,
				064953E31BCBD98F0084C8D2 /* newTestTests.xctest */,
			);
			name = Products;
			sourceTree = "<group>";
		};
		064953D01BCBD98F0084C8D2 /* newTest */ = {
			isa = PBXGroup;
			children = (
				064953D31BCBD98F0084C8D2 /* AppDelegate.swift */,
				064953D51BCBD98F0084C8D2 /* ViewController.swift */,
				064953D71BCBD98F0084C8D2 /* Main.storyboard */,
				064953DA1BCBD98F0084C8D2 /* Images.xcassets */,
				064953DC1BCBD98F0084C8D2 /* LaunchScreen.xib */,
				064953D11BCBD98F0084C8D2 /* Supporting Files */,
			);
			path = newTest;
			sourceTree = "<group>";
		};
		064953D11BCBD98F0084C8D2 /* Supporting Files */ = {
			isa = PBXGroup;
			children = (
				064953D21BCBD98F0084C8D2 /* Info.plist */,
			);
			name = "Supporting Files";
			sourceTree = "<group>";
		};
		064953E61BCBD98F0084C8D2 /* newTestTests */ = {
			isa = PBXGroup;
			children = (
				064953E91BCBD98F0084C8D2 /* newTestTests.swift */,
				064953E71BCBD98F0084C8D2 /* Supporting Files */,
			);
			path = newTestTests;
			sourceTree = "<group>";
		};
		064953E71BCBD98F0084C8D2 /* Supporting Files */ = {
			isa = PBXGroup;
			children = (
				064953E81BCBD98F0084C8D2 /* Info.plist */,
			);
			name = "Supporting Files";
			sourceTree = "<group>";
		};
/* End PBXGroup section */

/* Begin PBXNativeTarget section */
		064953CD1BCBD98F0084C8D2 /* newTest */ = {
			isa = PBXNativeTarget;
			buildConfigurationList = 064953ED1BCBD98F0084C8D2 /* Build configuration list for PBXNativeTarget "newTest" */;
			buildPhases = (
				064953CA1BCBD98F0084C8D2 /* Sources */,
				064953CB1BCBD98F0084C8D2 /* Frameworks */,
				064953CC1BCBD98F0084C8D2 /* Resources */,
			);
			buildRules = (
			);
			dependencies = (
			);
			name = newTest;
			productName = newTest;
			productReference = 064953CE1BCBD98F0084C8D2 /* newTest.app */;
			productType = "com.apple.product-type.application";
		};
		064953E21BCBD98F0084C8D2 /* newTestTests */ = {
			isa = PBXNativeTarget;
			buildConfigurationList = 064953F01BCBD98F0084C8D2 /* Build configuration list for PBXNativeTarget "newTestTests" */;
			buildPhases = (
				064953DF1BCBD98F0084C8D2 /* Sources */,
				064953E01BCBD98F0084C8D2 /* Frameworks */,
				064953E11BCBD98F0084C8D2 /* Resources */,
			);
			buildRules = (
			);
			dependencies = (
				064953E51BCBD98F0084C8D2 /* PBXTargetDependency */,
			);
			name = newTestTests;
			productName = newTestTests;
			productReference = 064953E31BCBD98F0084C8D2 /* newTestTests.xctest */;
			productType = "com.apple.product-type.bundle.unit-test";
		};
/* End PBXNativeTarget section */

/* Begin PBXProject section */
		064953C61BCBD98F0084C8D2 /* Project object */ = {
			isa = PBXProject;
			attributes = {
				LastUpgradeCheck = 0640;
				ORGANIZATIONNAME = "Rebecca Hughes (i7674769)";
				TargetAttributes = {
					064953CD1BCBD98F0084C8D2 = {
						CreatedOnToolsVersion = 6.4;
					};
					064953E21BCBD98F0084C8D2 = {
						CreatedOnToolsVersion = 6.4;
						TestTargetID = 064953CD1BCBD98F0084C8D2;
					};
				};
			};
			buildConfigurationList = 064953C91BCBD98F0084C8D2 /* Build configuration list for PBXProject "newTest" */;
			compatibilityVersion = "Xcode 3.2";
			developmentRegion = English;
			hasScannedForEncodings = 0;
			knownRegions = (
				en,
				Base,
			);
			mainGroup = 064953C51BCBD98F0084C8D2;
			productRefGroup = 064953CF1BCBD98F0084C8D2 /* Products */;
			projectDirPath = "";
			projectRoot = "";
			targets = (
				064953CD1BCBD98F0084C8D2 /* newTest */,
				064953E21BCBD98F0084C8D2 /* newTestTests */,
			);
		};
/* End PBXProject section */

/* Begin PBXResourcesBuildPhase section */
		064953CC1BCBD98F0084C8D2 /* Resources */ = {
			isa = PBXResourcesBuildPhase;
			buildActionMask = 2147483647;
			files = (
				064953D91BCBD98F0084C8D2 /* Main.storyboard in Resources */,
				064953DE1BCBD98F0084C8D2 /* LaunchScreen.xib in Resources */,
				064953DB1BCBD98F0084C8D2 /* Images.xcassets in Resources */,
			);
			runOnlyForDeploymentPostprocessing = 0;
		};
		064953E11BCBD98F0084C8D2 /* Resources */ = {
			isa = PBXResourcesBuildPhase;
			buildActionMask = 2147483647;
			files = (
			);
			runOnlyForDeploymentPostprocessing = 0;
		};
/* End PBXResourcesBuildPhase section */

/* Begin PBXSourcesBuildPhase section */
		064953CA1BCBD98F0084C8D2 /* Sources */ = {
			isa = PBXSourcesBuildPhase;
			buildActionMask = 2147483647;
			files = (
				064953D61BCBD98F0084C8D2 /* ViewController.swift in Sources */,
				064953D41BCBD98F0084C8D2 /* AppDelegate.swift in Sources */,
			);
			runOnlyForDeploymentPostprocessing = 0;
		};
		064953DF1BCBD98F0084C8D2 /* Sources */ = {
			isa = PBXSourcesBuildPhase;
			buildActionMask = 2147483647;
			files = (
				064953EA1BCBD98F0084C8D2 /* newTestTests.swift in Sources */,
			);
			runOnlyForDeploymentPostprocessing = 0;
		};
/* End PBXSourcesBuildPhase section */

/* Begin PBXTargetDependency section */
		064953E51BCBD98F0084C8D2 /* PBXTargetDependency */ = {
			isa = PBXTargetDependency;
			target = 064953CD1BCBD98F0084C8D2 /* newTest */;
			targetProxy = 064953E41BCBD98F0084C8D2 /* PBXContainerItemProxy */;
		};
/* End PBXTargetDependency section */

/* Begin PBXVariantGroup section */
		064953D71BCBD98F0084C8D2 /* Main.storyboard */ = {
			isa = PBXVariantGroup;
			children = (
				064953D81BCBD98F0084C8D2 /* Base */,
			);
			name = Main.storyboard;
			sourceTree = "<group>";
		};
		064953DC1BCBD98F0084C8D2 /* LaunchScreen.xib */ = {
			isa = PBXVariantGroup;
			children = (
				064953DD1BCBD98F0084C8D2 /* Base */,
			);
			name = LaunchScreen.xib;
			sourceTree = "<group>";
		};
/* End PBXVariantGroup section */

/* Begin XCBuildConfiguration section */
		064953EB1BCBD98F0084C8D2 /* Debug */ = {
			isa = XCBuildConfiguration;
			buildSettings = {
				ALWAYS_SEARCH_USER_PATHS = NO;
				CLANG_CXX_LANGUAGE_STANDARD = "gnu++0x";
				CLANG_CXX_LIBRARY = "libc++";
				CLANG_ENABLE_MODULES = YES;
				CLANG_ENABLE_OBJC_ARC = YES;
				CLANG_WARN_BOOL_CONVERSION = YES;
				CLANG_WARN_CONSTANT_CONVERSION = YES;
				CLANG_WARN_DIRECT_OBJC_ISA_USAGE = YES_ERROR;
				CLANG_WARN_EMPTY_BODY = YES;
				CLANG_WARN_ENUM_CONVERSION = YES;
				CLANG_WARN_INT_CONVERSION = YES;
				CLANG_WARN_OBJC_ROOT_CLASS = YES_ERROR;
				CLANG_WARN_UNREACHABLE_CODE = YES;
				CLANG_WARN__DUPLICATE_METHOD_MATCH = YES;
				"CODE_SIGN_IDENTITY[sdk=iphoneos*]" = "iPhone Developer";
				COPY_PHASE_STRIP = NO;
				DEBUG_INFORMATION_FORMAT = "dwarf-with-dsym";
				ENABLE_STRICT_OBJC_MSGSEND = YES;
				GCC_C_LANGUAGE_STANDARD = gnu99;
				GCC_DYNAMIC_NO_PIC = NO;
				GCC_NO_COMMON_BLOCKS = YES;
				GCC_OPTIMIZATION_LEVEL = 0;
				GCC_PREPROCESSOR_DEFINITIONS = (
					"DEBUG=1",
					"$(inherited)",
				);
				GCC_SYMBOLS_PRIVATE_EXTERN = NO;
				GCC_WARN_64_TO_32_BIT_CONVERSION = YES;
				GCC_WARN_ABOUT_RETURN_TYPE = YES_ERROR;
				GCC_WARN_UNDECLARED_SELECTOR = YES;
				GCC_WARN_UNINITIALIZED_AUTOS = YES_AGGRESSIVE;
				GCC_WARN_UNUSED_FUNCTION = YES;
				GCC_WARN_UNUSED_VARIABLE = YES;
				IPHONEOS_DEPLOYMENT_TARGET = 8.4;
				MTL_ENABLE_DEBUG_INFO = YES;
				ONLY_ACTIVE_ARCH = YES;
				SDKROOT = iphoneos;
				SWIFT_OPTIMIZATION_LEVEL = "-Onone";
				TARGETED_DEVICE_FAMILY = "1,2";
			};
			name = Debug;
		};
		064953EC1BCBD98F0084C8D2 /* Release */ = {
			isa = XCBuildConfiguration;
			buildSettings = {
				ALWAYS_SEARCH_USER_PATHS = NO;
				CLANG_CXX_LANGUAGE_STANDARD = "gnu++0x";
				CLANG_CXX_LIBRARY = "libc++";
				CLANG_ENABLE_MODULES = YES;
				CLANG_ENABLE_OBJC_ARC = YES;
				CLANG_WARN_BOOL_CONVERSION = YES;
				CLANG_WARN_CONSTANT_CONVERSION = YES;
				CLANG_WARN_DIRECT_OBJC_ISA_USAGE = YES_ERROR;
				CLANG_WARN_EMPTY_BODY = YES;
				CLANG_WARN_ENUM_CONVERSION = YES;
				CLANG_WARN_INT_CONVERSION = YES;
				CLANG_WARN_OBJC_ROOT_CLASS = YES_ERROR;
				CLANG_WARN_UNREACHABLE_CODE = YES;
				CLANG_WARN__DUPLICATE_METHOD_MATCH = YES;
				"CODE_SIGN_IDENTITY[sdk=iphoneos*]" = "iPhone Developer";
				COPY_PHASE_STRIP = NO;
				DEBUG_INFORMATION_FORMAT = "dwarf-with-dsym";
				ENABLE_NS_ASSERTIONS = NO;
				ENABLE_STRICT_OBJC_MSGSEND = YES;
				GCC_C_LANGUAGE_STANDARD = gnu99;
				GCC_NO_COMMON_BLOCKS = YES;
				GCC_WARN_64_TO_32_BIT_CONVERSION = YES;
				GCC_WARN_ABOUT_RETURN_TYPE = YES_ERROR;
				GCC_WARN_UNDECLARED_SELECTOR = YES;
				GCC_WARN_UNINITIALIZED_AUTOS = YES_AGGRESSIVE;
				GCC_WARN_UNUSED_FUNCTION = YES;
				GCC_WARN_UNUSED_VARIABLE = YES;
				IPHONEOS_DEPLOYMENT_TARGET = 8.4;
				MTL_ENABLE_DEBUG_INFO = NO;
				SDKROOT = iphoneos;
				TARGETED_DEVICE_FAMILY = "1,2";
				VALIDATE_PRODUCT = YES;
			};
			name = Release;
		};
		064953EE1BCBD98F0084C8D2 /* Debug */ = {
			isa = XCBuildConfiguration;
			buildSettings = {
				ASSETCATALOG_COMPILER_APPICON_NAME = AppIcon;
				INFOPLIST_FILE = newTest/Info.plist;
				LD_RUNPATH_SEARCH_PATHS = "$(inherited) @executable_path/Frameworks";
				PRODUCT_NAME = "$(TARGET_NAME)";
			};
			name = Debug;
		};
		064953EF1BCBD98F0084C8D2 /* Release */ = {
			isa = XCBuildConfiguration;
			buildSettings = {
				ASSETCATALOG_COMPILER_APPICON_NAME = AppIcon;
				INFOPLIST_FILE = newTest/Info.plist;
				LD_RUNPATH_SEARCH_PATHS = "$(inherited) @executable_path/Frameworks";
				PRODUCT_NAME = "$(TARGET_NAME)";
			};
			name = Release;
		};
		064953F11BCBD98F0084C8D2 /* Debug */ = {
			isa = XCBuildConfiguration;
			buildSettings = {
				BUNDLE_LOADER = "$(TEST_HOST)";
				FRAMEWORK_SEARCH_PATHS = (
					"$(SDKROOT)/Developer/Library/Frameworks",
					"$(inherited)",
				);
				GCC_PREPROCESSOR_DEFINITIONS = (
					"DEBUG=1",
					"$(inherited)",
				);
				INFOPLIST_FILE = newTestTests/Info.plist;
				LD_RUNPATH_SEARCH_PATHS = "$(inherited) @executable_path/Frameworks @loader_path/Frameworks";
				PRODUCT_NAME = "$(TARGET_NAME)";
				TEST_HOST = "$(BUILT_PRODUCTS_DIR)/newTest.app/newTest";
			};
			name = Debug;
		};
		064953F21BCBD98F0084C8D2 /* Release */ = {
			isa = XCBuildConfiguration;
			buildSettings = {
				BUNDLE_LOADER = "$(TEST_HOST)";
				FRAMEWORK_SEARCH_PATHS = (
					"$(SDKROOT)/Developer/Library/Frameworks",
					"$(inherited)",
				);
				INFOPLIST_FILE = newTestTests/Info.plist;
				LD_RUNPATH_SEARCH_PATHS = "$(inherited) @executable_path/Frameworks @loader_path/Frameworks";
				PRODUCT_NAME = "$(TARGET_NAME)";
				TEST_HOST = "$(BUILT_PRODUCTS_DIR)/newTest.app/newTest";
			};
			name = Release;
		};
/* End XCBuildConfiguration section */

/* Begin XCConfigurationList section */
		064953C91BCBD98F0084C8D2 /* Build configuration list for PBXProject "newTest" */ = {
			isa = XCConfigurationList;
			buildConfigurations = (
				064953EB1BCBD98F0084C8D2 /* Debug */,
				064953EC1BCBD98F0084C8D2 /* Release */,
			);
			defaultConfigurationIsVisible = 0;
			defaultConfigurationName = Release;
		};
		064953ED1BCBD98F0084C8D2 /* Build configuration list for PBXNativeTarget "newTest" */ = {
			isa = XCConfigurationList;
			buildConfigurations = (
				064953EE1BCBD98F0084C8D2 /* Debug */,
				064953EF1BCBD98F0084C8D2 /* Release */,
			);
			defaultConfigurationIsVisible = 0;
		};
		064953F01BCBD98F0084C8D2 /* Build configuration list for PBXNativeTarget "newTestTests" */ = {
			isa = XCConfigurationList;
			buildConfigurations = (
				064953F11BCBD98F0084C8D2 /* Debug */,
				064953F21BCBD98F0084C8D2 /* Release */,
			);
			defaultConfigurationIsVisible = 0;
		};
/* End XCConfigurationList section */
	};
	rootObject = 064953C61BCBD98F0084C8D2 /* Project object */;
}
